// !$*UTF8*$!
{
	archiveVersion = 1;
	classes = {
	};
	objectVersion = 48;
	objects = {

/* Begin PBXBuildFile section */
		A9931A801F5968470067FA89 /* AppDelegate.swift in Sources */ = {isa = PBXBuildFile; fileRef = A9931A7F1F5968470067FA89 /* AppDelegate.swift */; };
		A9931A821F5968470067FA89 /* art.scnassets in Resources */ = {isa = PBXBuildFile; fileRef = A9931A811F5968470067FA89 /* art.scnassets */; };
		A9931A841F5968470067FA89 /* GameViewController.swift in Sources */ = {isa = PBXBuildFile; fileRef = A9931A831F5968470067FA89 /* GameViewController.swift */; };
		A9931A871F5968470067FA89 /* Main.storyboard in Resources */ = {isa = PBXBuildFile; fileRef = A9931A851F5968470067FA89 /* Main.storyboard */; };
		A9931A891F5968470067FA89 /* Assets.xcassets in Resources */ = {isa = PBXBuildFile; fileRef = A9931A881F5968470067FA89 /* Assets.xcassets */; };
		A9931A8C1F5968470067FA89 /* LaunchScreen.storyboard in Resources */ = {isa = PBXBuildFile; fileRef = A9931A8A1F5968470067FA89 /* LaunchScreen.storyboard */; };
		A9931A971F5968470067FA89 /* SceneShadertoyTests.swift in Sources */ = {isa = PBXBuildFile; fileRef = A9931A961F5968470067FA89 /* SceneShadertoyTests.swift */; };
		A9931AA21F5968470067FA89 /* SceneShadertoyUITests.swift in Sources */ = {isa = PBXBuildFile; fileRef = A9931AA11F5968470067FA89 /* SceneShadertoyUITests.swift */; };
		A9FF7E8F1F597B3D00B2281C /* .gitignore in Resources */ = {isa = PBXBuildFile; fileRef = A9FF7E8E1F597B3D00B2281C /* .gitignore */; };
/* End PBXBuildFile section */

/* Begin PBXContainerItemProxy section */
		A9931A931F5968470067FA89 /* PBXContainerItemProxy */ = {
			isa = PBXContainerItemProxy;
			containerPortal = A9931A741F5968470067FA89 /* Project object */;
			proxyType = 1;
			remoteGlobalIDString = A9931A7B1F5968470067FA89;
			remoteInfo = SceneShadertoy;
		};
		A9931A9E1F5968470067FA89 /* PBXContainerItemProxy */ = {
			isa = PBXContainerItemProxy;
			containerPortal = A9931A741F5968470067FA89 /* Project object */;
			proxyType = 1;
			remoteGlobalIDString = A9931A7B1F5968470067FA89;
			remoteInfo = SceneShadertoy;
		};
/* End PBXContainerItemProxy section */

/* Begin PBXFileReference section */
		A9931A7C1F5968470067FA89 /* SceneShadertoy.app */ = {isa = PBXFileReference; explicitFileType = wrapper.application; includeInIndex = 0; path = SceneShadertoy.app; sourceTree = BUILT_PRODUCTS_DIR; };
		A9931A7F1F5968470067FA89 /* AppDelegate.swift */ = {isa = PBXFileReference; lastKnownFileType = sourcecode.swift; path = AppDelegate.swift; sourceTree = "<group>"; };
		A9931A811F5968470067FA89 /* art.scnassets */ = {isa = PBXFileReference; lastKnownFileType = wrapper.scnassets; path = art.scnassets; sourceTree = "<group>"; };
		A9931A831F5968470067FA89 /* GameViewController.swift */ = {isa = PBXFileReference; lastKnownFileType = sourcecode.swift; path = GameViewController.swift; sourceTree = "<group>"; };
		A9931A861F5968470067FA89 /* Base */ = {isa = PBXFileReference; lastKnownFileType = file.storyboard; name = Base; path = Base.lproj/Main.storyboard; sourceTree = "<group>"; };
		A9931A881F5968470067FA89 /* Assets.xcassets */ = {isa = PBXFileReference; lastKnownFileType = folder.assetcatalog; path = Assets.xcassets; sourceTree = "<group>"; };
		A9931A8B1F5968470067FA89 /* Base */ = {isa = PBXFileReference; lastKnownFileType = file.storyboard; name = Base; path = Base.lproj/LaunchScreen.storyboard; sourceTree = "<group>"; };
		A9931A8D1F5968470067FA89 /* Info.plist */ = {isa = PBXFileReference; lastKnownFileType = text.plist.xml; path = Info.plist; sourceTree = "<group>"; };
		A9931A921F5968470067FA89 /* SceneShadertoyTests.xctest */ = {isa = PBXFileReference; explicitFileType = wrapper.cfbundle; includeInIndex = 0; path = SceneShadertoyTests.xctest; sourceTree = BUILT_PRODUCTS_DIR; };
		A9931A961F5968470067FA89 /* SceneShadertoyTests.swift */ = {isa = PBXFileReference; lastKnownFileType = sourcecode.swift; path = SceneShadertoyTests.swift; sourceTree = "<group>"; };
		A9931A981F5968470067FA89 /* Info.plist */ = {isa = PBXFileReference; lastKnownFileType = text.plist.xml; path = Info.plist; sourceTree = "<group>"; };
		A9931A9D1F5968470067FA89 /* SceneShadertoyUITests.xctest */ = {isa = PBXFileReference; explicitFileType = wrapper.cfbundle; includeInIndex = 0; path = SceneShadertoyUITests.xctest; sourceTree = BUILT_PRODUCTS_DIR; };
		A9931AA11F5968470067FA89 /* SceneShadertoyUITests.swift */ = {isa = PBXFileReference; lastKnownFileType = sourcecode.swift; path = SceneShadertoyUITests.swift; sourceTree = "<group>"; };
		A9931AA31F5968470067FA89 /* Info.plist */ = {isa = PBXFileReference; lastKnownFileType = text.plist.xml; path = Info.plist; sourceTree = "<group>"; };
		A9FF7E8E1F597B3D00B2281C /* .gitignore */ = {isa = PBXFileReference; lastKnownFileType = text; path = .gitignore; sourceTree = "<group>"; };
/* End PBXFileReference section */

/* Begin PBXFrameworksBuildPhase section */
		A9931A791F5968470067FA89 /* Frameworks */ = {
			isa = PBXFrameworksBuildPhase;
			buildActionMask = 2147483647;
			files = (
			);
			runOnlyForDeploymentPostprocessing = 0;
		};
		A9931A8F1F5968470067FA89 /* Frameworks */ = {
			isa = PBXFrameworksBuildPhase;
			buildActionMask = 2147483647;
			files = (
			);
			runOnlyForDeploymentPostprocessing = 0;
		};
		A9931A9A1F5968470067FA89 /* Frameworks */ = {
			isa = PBXFrameworksBuildPhase;
			buildActionMask = 2147483647;
			files = (
			);
			runOnlyForDeploymentPostprocessing = 0;
		};
/* End PBXFrameworksBuildPhase section */

/* Begin PBXGroup section */
		A9931A731F5968470067FA89 = {
			isa = PBXGroup;
			children = (
				A9FF7E8E1F597B3D00B2281C /* .gitignore */,
				A9931A7E1F5968470067FA89 /* SceneShadertoy */,
				A9931A951F5968470067FA89 /* SceneShadertoyTests */,
				A9931AA01F5968470067FA89 /* SceneShadertoyUITests */,
				A9931A7D1F5968470067FA89 /* Products */,
			);
			sourceTree = "<group>";
		};
		A9931A7D1F5968470067FA89 /* Products */ = {
			isa = PBXGroup;
			children = (
				A9931A7C1F5968470067FA89 /* SceneShadertoy.app */,
				A9931A921F5968470067FA89 /* SceneShadertoyTests.xctest */,
				A9931A9D1F5968470067FA89 /* SceneShadertoyUITests.xctest */,
			);
			name = Products;
			sourceTree = "<group>";
		};
		A9931A7E1F5968470067FA89 /* SceneShadertoy */ = {
			isa = PBXGroup;
			children = (
				A9FF7E8D1F5977BF00B2281C /* Controller */,
				A9FF7E8C1F5977B400B2281C /* Assets */,
				A9FF7E8B1F5977A700B2281C /* System */,
				A9FF7E8A1F59779400B2281C /* View */,
			);
			path = SceneShadertoy;
			sourceTree = "<group>";
		};
		A9931A951F5968470067FA89 /* SceneShadertoyTests */ = {
			isa = PBXGroup;
			children = (
				A9931A961F5968470067FA89 /* SceneShadertoyTests.swift */,
				A9931A981F5968470067FA89 /* Info.plist */,
			);
			path = SceneShadertoyTests;
			sourceTree = "<group>";
		};
		A9931AA01F5968470067FA89 /* SceneShadertoyUITests */ = {
			isa = PBXGroup;
			children = (
				A9931AA11F5968470067FA89 /* SceneShadertoyUITests.swift */,
				A9931AA31F5968470067FA89 /* Info.plist */,
			);
			path = SceneShadertoyUITests;
			sourceTree = "<group>";
		};
		A9FF7E8A1F59779400B2281C /* View */ = {
			isa = PBXGroup;
			children = (
				A9931A851F5968470067FA89 /* Main.storyboard */,
				A9931A8A1F5968470067FA89 /* LaunchScreen.storyboard */,
			);
			path = View;
			sourceTree = "<group>";
		};
		A9FF7E8B1F5977A700B2281C /* System */ = {
			isa = PBXGroup;
			children = (
				A9931A7F1F5968470067FA89 /* AppDelegate.swift */,
				A9931A8D1F5968470067FA89 /* Info.plist */,
			);
			path = System;
			sourceTree = "<group>";
		};
		A9FF7E8C1F5977B400B2281C /* Assets */ = {
			isa = PBXGroup;
			children = (
				A9931A811F5968470067FA89 /* art.scnassets */,
				A9931A881F5968470067FA89 /* Assets.xcassets */,
			);
			path = Assets;
			sourceTree = "<group>";
		};
		A9FF7E8D1F5977BF00B2281C /* Controller */ = {
			isa = PBXGroup;
			children = (
				A9931A831F5968470067FA89 /* GameViewController.swift */,
			);
			path = Controller;
			sourceTree = "<group>";
		};
/* End PBXGroup section */

/* Begin PBXNativeTarget section */
		A9931A7B1F5968470067FA89 /* SceneShadertoy */ = {
			isa = PBXNativeTarget;
			buildConfigurationList = A9931AA61F5968470067FA89 /* Build configuration list for PBXNativeTarget "SceneShadertoy" */;
			buildPhases = (
				A9931A781F5968470067FA89 /* Sources */,
				A9931A791F5968470067FA89 /* Frameworks */,
				A9931A7A1F5968470067FA89 /* Resources */,
			);
			buildRules = (
			);
			dependencies = (
			);
			name = SceneShadertoy;
			productName = SceneShadertoy;
			productReference = A9931A7C1F5968470067FA89 /* SceneShadertoy.app */;
			productType = "com.apple.product-type.application";
		};
		A9931A911F5968470067FA89 /* SceneShadertoyTests */ = {
			isa = PBXNativeTarget;
			buildConfigurationList = A9931AA91F5968470067FA89 /* Build configuration list for PBXNativeTarget "SceneShadertoyTests" */;
			buildPhases = (
				A9931A8E1F5968470067FA89 /* Sources */,
				A9931A8F1F5968470067FA89 /* Frameworks */,
				A9931A901F5968470067FA89 /* Resources */,
			);
			buildRules = (
			);
			dependencies = (
				A9931A941F5968470067FA89 /* PBXTargetDependency */,
			);
			name = SceneShadertoyTests;
			productName = SceneShadertoyTests;
			productReference = A9931A921F5968470067FA89 /* SceneShadertoyTests.xctest */;
			productType = "com.apple.product-type.bundle.unit-test";
		};
		A9931A9C1F5968470067FA89 /* SceneShadertoyUITests */ = {
			isa = PBXNativeTarget;
			buildConfigurationList = A9931AAC1F5968470067FA89 /* Build configuration list for PBXNativeTarget "SceneShadertoyUITests" */;
			buildPhases = (
				A9931A991F5968470067FA89 /* Sources */,
				A9931A9A1F5968470067FA89 /* Frameworks */,
				A9931A9B1F5968470067FA89 /* Resources */,
			);
			buildRules = (
			);
			dependencies = (
				A9931A9F1F5968470067FA89 /* PBXTargetDependency */,
			);
			name = SceneShadertoyUITests;
			productName = SceneShadertoyUITests;
			productReference = A9931A9D1F5968470067FA89 /* SceneShadertoyUITests.xctest */;
			productType = "com.apple.product-type.bundle.ui-testing";
		};
/* End PBXNativeTarget section */

/* Begin PBXProject section */
		A9931A741F5968470067FA89 /* Project object */ = {
			isa = PBXProject;
			attributes = {
				LastSwiftUpdateCheck = 0900;
				LastUpgradeCheck = 0900;
				ORGANIZATIONNAME = "Astemir Eleev";
				TargetAttributes = {
					A9931A7B1F5968470067FA89 = {
						CreatedOnToolsVersion = 9.0;
						ProvisioningStyle = Automatic;
					};
					A9931A911F5968470067FA89 = {
						CreatedOnToolsVersion = 9.0;
						ProvisioningStyle = Automatic;
						TestTargetID = A9931A7B1F5968470067FA89;
					};
					A9931A9C1F5968470067FA89 = {
						CreatedOnToolsVersion = 9.0;
						ProvisioningStyle = Automatic;
						TestTargetID = A9931A7B1F5968470067FA89;
					};
				};
			};
			buildConfigurationList = A9931A771F5968470067FA89 /* Build configuration list for PBXProject "SceneShadertoy" */;
			compatibilityVersion = "Xcode 8.0";
			developmentRegion = en;
			hasScannedForEncodings = 0;
			knownRegions = (
				en,
				Base,
			);
			mainGroup = A9931A731F5968470067FA89;
			productRefGroup = A9931A7D1F5968470067FA89 /* Products */;
			projectDirPath = "";
			projectRoot = "";
			targets = (
				A9931A7B1F5968470067FA89 /* SceneShadertoy */,
				A9931A911F5968470067FA89 /* SceneShadertoyTests */,
				A9931A9C1F5968470067FA89 /* SceneShadertoyUITests */,
			);
		};
/* End PBXProject section */

/* Begin PBXResourcesBuildPhase section */
		A9931A7A1F5968470067FA89 /* Resources */ = {
			isa = PBXResourcesBuildPhase;
			buildActionMask = 2147483647;
			files = (
				A9FF7E8F1F597B3D00B2281C /* .gitignore in Resources */,
				A9931A821F5968470067FA89 /* art.scnassets in Resources */,
				A9931A8C1F5968470067FA89 /* LaunchScreen.storyboard in Resources */,
				A9931A891F5968470067FA89 /* Assets.xcassets in Resources */,
				A9931A871F5968470067FA89 /* Main.storyboard in Resources */,
			);
			runOnlyForDeploymentPostprocessing = 0;
		};
		A9931A901F5968470067FA89 /* Resources */ = {
			isa = PBXResourcesBuildPhase;
			buildActionMask = 2147483647;
			files = (
			);
			runOnlyForDeploymentPostprocessing = 0;
		};
		A9931A9B1F5968470067FA89 /* Resources */ = {
			isa = PBXResourcesBuildPhase;
			buildActionMask = 2147483647;
			files = (
			);
			runOnlyForDeploymentPostprocessing = 0;
		};
/* End PBXResourcesBuildPhase section */

/* Begin PBXSourcesBuildPhase section */
		A9931A781F5968470067FA89 /* Sources */ = {
			isa = PBXSourcesBuildPhase;
			buildActionMask = 2147483647;
			files = (
				A9931A841F5968470067FA89 /* GameViewController.swift in Sources */,
				A9931A801F5968470067FA89 /* AppDelegate.swift in Sources */,
			);
			runOnlyForDeploymentPostprocessing = 0;
		};
		A9931A8E1F5968470067FA89 /* Sources */ = {
			isa = PBXSourcesBuildPhase;
			buildActionMask = 2147483647;
			files = (
				A9931A971F5968470067FA89 /* SceneShadertoyTests.swift in Sources */,
			);
			runOnlyForDeploymentPostprocessing = 0;
		};
		A9931A991F5968470067FA89 /* Sources */ = {
			isa = PBXSourcesBuildPhase;
			buildActionMask = 2147483647;
			files = (
				A9931AA21F5968470067FA89 /* SceneShadertoyUITests.swift in Sources */,
			);
			runOnlyForDeploymentPostprocessing = 0;
		};
/* End PBXSourcesBuildPhase section */

/* Begin PBXTargetDependency section */
		A9931A941F5968470067FA89 /* PBXTargetDependency */ = {
			isa = PBXTargetDependency;
			target = A9931A7B1F5968470067FA89 /* SceneShadertoy */;
			targetProxy = A9931A931F5968470067FA89 /* PBXContainerItemProxy */;
		};
		A9931A9F1F5968470067FA89 /* PBXTargetDependency */ = {
			isa = PBXTargetDependency;
			target = A9931A7B1F5968470067FA89 /* SceneShadertoy */;
			targetProxy = A9931A9E1F5968470067FA89 /* PBXContainerItemProxy */;
		};
/* End PBXTargetDependency section */

/* Begin PBXVariantGroup section */
		A9931A851F5968470067FA89 /* Main.storyboard */ = {
			isa = PBXVariantGroup;
			children = (
				A9931A861F5968470067FA89 /* Base */,
			);
			name = Main.storyboard;
			sourceTree = "<group>";
		};
		A9931A8A1F5968470067FA89 /* LaunchScreen.storyboard */ = {
			isa = PBXVariantGroup;
			children = (
				A9931A8B1F5968470067FA89 /* Base */,
			);
			name = LaunchScreen.storyboard;
			sourceTree = "<group>";
		};
/* End PBXVariantGroup section */

/* Begin XCBuildConfiguration section */
		A9931AA41F5968470067FA89 /* Debug */ = {
			isa = XCBuildConfiguration;
			buildSettings = {
				ALWAYS_SEARCH_USER_PATHS = NO;
				CLANG_ANALYZER_NONNULL = YES;
				CLANG_ANALYZER_NUMBER_OBJECT_CONVERSION = YES_AGGRESSIVE;
				CLANG_CXX_LANGUAGE_STANDARD = "gnu++14";
				CLANG_CXX_LIBRARY = "libc++";
				CLANG_ENABLE_MODULES = YES;
				CLANG_ENABLE_OBJC_ARC = YES;
				CLANG_WARN_BLOCK_CAPTURE_AUTORELEASING = YES;
				CLANG_WARN_BOOL_CONVERSION = YES;
				CLANG_WARN_COMMA = YES;
				CLANG_WARN_CONSTANT_CONVERSION = YES;
				CLANG_WARN_DIRECT_OBJC_ISA_USAGE = YES_ERROR;
				CLANG_WARN_DOCUMENTATION_COMMENTS = YES;
				CLANG_WARN_EMPTY_BODY = YES;
				CLANG_WARN_ENUM_CONVERSION = YES;
				CLANG_WARN_INFINITE_RECURSION = YES;
				CLANG_WARN_INT_CONVERSION = YES;
				CLANG_WARN_NON_LITERAL_NULL_CONVERSION = YES;
				CLANG_WARN_OBJC_LITERAL_CONVERSION = YES;
				CLANG_WARN_OBJC_ROOT_CLASS = YES_ERROR;
				CLANG_WARN_RANGE_LOOP_ANALYSIS = YES;
				CLANG_WARN_STRICT_PROTOTYPES = YES;
				CLANG_WARN_SUSPICIOUS_MOVE = YES;
				CLANG_WARN_UNGUARDED_AVAILABILITY = YES_AGGRESSIVE;
				CLANG_WARN_UNREACHABLE_CODE = YES;
				CLANG_WARN__DUPLICATE_METHOD_MATCH = YES;
				CODE_SIGN_IDENTITY = "iPhone Developer";
				COPY_PHASE_STRIP = NO;
				DEBUG_INFORMATION_FORMAT = dwarf;
				ENABLE_STRICT_OBJC_MSGSEND = YES;
				ENABLE_TESTABILITY = YES;
				GCC_C_LANGUAGE_STANDARD = gnu11;
				GCC_DYNAMIC_NO_PIC = NO;
				GCC_NO_COMMON_BLOCKS = YES;
				GCC_OPTIMIZATION_LEVEL = 0;
				GCC_PREPROCESSOR_DEFINITIONS = (
					"DEBUG=1",
					"$(inherited)",
				);
				GCC_WARN_64_TO_32_BIT_CONVERSION = YES;
				GCC_WARN_ABOUT_RETURN_TYPE = YES_ERROR;
				GCC_WARN_UNDECLARED_SELECTOR = YES;
				GCC_WARN_UNINITIALIZED_AUTOS = YES_AGGRESSIVE;
				GCC_WARN_UNUSED_FUNCTION = YES;
				GCC_WARN_UNUSED_VARIABLE = YES;
				IPHONEOS_DEPLOYMENT_TARGET = 11.0;
				MTL_ENABLE_DEBUG_INFO = YES;
				ONLY_ACTIVE_ARCH = YES;
				SDKROOT = iphoneos;
				SWIFT_ACTIVE_COMPILATION_CONDITIONS = DEBUG;
				SWIFT_OPTIMIZATION_LEVEL = "-Onone";
			};
			name = Debug;
		};
		A9931AA51F5968470067FA89 /* Release */ = {
			isa = XCBuildConfiguration;
			buildSettings = {
				ALWAYS_SEARCH_USER_PATHS = NO;
				CLANG_ANALYZER_NONNULL = YES;
				CLANG_ANALYZER_NUMBER_OBJECT_CONVERSION = YES_AGGRESSIVE;
				CLANG_CXX_LANGUAGE_STANDARD = "gnu++14";
				CLANG_CXX_LIBRARY = "libc++";
				CLANG_ENABLE_MODULES = YES;
				CLANG_ENABLE_OBJC_ARC = YES;
				CLANG_WARN_BLOCK_CAPTURE_AUTORELEASING = YES;
				CLANG_WARN_BOOL_CONVERSION = YES;
				CLANG_WARN_COMMA = YES;
				CLANG_WARN_CONSTANT_CONVERSION = YES;
				CLANG_WARN_DIRECT_OBJC_ISA_USAGE = YES_ERROR;
				CLANG_WARN_DOCUMENTATION_COMMENTS = YES;
				CLANG_WARN_EMPTY_BODY = YES;
				CLANG_WARN_ENUM_CONVERSION = YES;
				CLANG_WARN_INFINITE_RECURSION = YES;
				CLANG_WARN_INT_CONVERSION = YES;
				CLANG_WARN_NON_LITERAL_NULL_CONVERSION = YES;
				CLANG_WARN_OBJC_LITERAL_CONVERSION = YES;
				CLANG_WARN_OBJC_ROOT_CLASS = YES_ERROR;
				CLANG_WARN_RANGE_LOOP_ANALYSIS = YES;
				CLANG_WARN_STRICT_PROTOTYPES = YES;
				CLANG_WARN_SUSPICIOUS_MOVE = YES;
				CLANG_WARN_UNGUARDED_AVAILABILITY = YES_AGGRESSIVE;
				CLANG_WARN_UNREACHABLE_CODE = YES;
				CLANG_WARN__DUPLICATE_METHOD_MATCH = YES;
				CODE_SIGN_IDENTITY = "iPhone Developer";
				COPY_PHASE_STRIP = NO;
				DEBUG_INFORMATION_FORMAT = "dwarf-with-dsym";
				ENABLE_NS_ASSERTIONS = NO;
				ENABLE_STRICT_OBJC_MSGSEND = YES;
				GCC_C_LANGUAGE_STANDARD = gnu11;
				GCC_NO_COMMON_BLOCKS = YES;
				GCC_WARN_64_TO_32_BIT_CONVERSION = YES;
				GCC_WARN_ABOUT_RETURN_TYPE = YES_ERROR;
				GCC_WARN_UNDECLARED_SELECTOR = YES;
				GCC_WARN_UNINITIALIZED_AUTOS = YES_AGGRESSIVE;
				GCC_WARN_UNUSED_FUNCTION = YES;
				GCC_WARN_UNUSED_VARIABLE = YES;
				IPHONEOS_DEPLOYMENT_TARGET = 11.0;
				MTL_ENABLE_DEBUG_INFO = NO;
				SDKROOT = iphoneos;
				SWIFT_OPTIMIZATION_LEVEL = "-Owholemodule";
				VALIDATE_PRODUCT = YES;
			};
			name = Release;
		};
		A9931AA71F5968470067FA89 /* Debug */ = {
			isa = XCBuildConfiguration;
			buildSettings = {
				ASSETCATALOG_COMPILER_APPICON_NAME = AppIcon;
				CODE_SIGN_STYLE = Automatic;
				DEVELOPMENT_TEAM = EK3QDL7K69;
				INFOPLIST_FILE = "$(SRCROOT)/SceneShadertoy/System/Info.plist";
				IPHONEOS_DEPLOYMENT_TARGET = 10.0;
				LD_RUNPATH_SEARCH_PATHS = "$(inherited) @executable_path/Frameworks";
				PRODUCT_BUNDLE_IDENTIFIER = projectk.io.SceneShadertoy;
				PRODUCT_NAME = "$(TARGET_NAME)";
				SWIFT_VERSION = 4.0;
				TARGETED_DEVICE_FAMILY = "1,2";
			};
			name = Debug;
		};
		A9931AA81F5968470067FA89 /* Release */ = {
			isa = XCBuildConfiguration;
			buildSettings = {
				ASSETCATALOG_COMPILER_APPICON_NAME = AppIcon;
				CODE_SIGN_STYLE = Automatic;
				DEVELOPMENT_TEAM = EK3QDL7K69;
				INFOPLIST_FILE = "$(SRCROOT)/SceneShadertoy/System/Info.plist";
				IPHONEOS_DEPLOYMENT_TARGET = 10.0;
				LD_RUNPATH_SEARCH_PATHS = "$(inherited) @executable_path/Frameworks";
				PRODUCT_BUNDLE_IDENTIFIER = projectk.io.SceneShadertoy;
				PRODUCT_NAME = "$(TARGET_NAME)";
				SWIFT_VERSION = 4.0;
				TARGETED_DEVICE_FAMILY = "1,2";
			};
			name = Release;
		};
		A9931AAA1F5968470067FA89 /* Debug */ = {
			isa = XCBuildConfiguration;
			buildSettings = {
				ALWAYS_EMBED_SWIFT_STANDARD_LIBRARIES = YES;
				BUNDLE_LOADER = "$(TEST_HOST)";
				CODE_SIGN_STYLE = Automatic;
				DEVELOPMENT_TEAM = EK3QDL7K69;
				INFOPLIST_FILE = SceneShadertoyTests/Info.plist;
				LD_RUNPATH_SEARCH_PATHS = "$(inherited) @executable_path/Frameworks @loader_path/Frameworks";
				PRODUCT_BUNDLE_IDENTIFIER = projectk.io.SceneShadertoyTests;
				PRODUCT_NAME = "$(TARGET_NAME)";
				SWIFT_VERSION = 4.0;
				TARGETED_DEVICE_FAMILY = "1,2";
				TEST_HOST = "$(BUILT_PRODUCTS_DIR)/SceneShadertoy.app/SceneShadertoy";
			};
			name = Debug;
		};
		A9931AAB1F5968470067FA89 /* Release */ = {
			isa = XCBuildConfiguration;
			buildSettings = {
				ALWAYS_EMBED_SWIFT_STANDARD_LIBRARIES = YES;
				BUNDLE_LOADER = "$(TEST_HOST)";
				CODE_SIGN_STYLE = Automatic;
				DEVELOPMENT_TEAM = EK3QDL7K69;
				INFOPLIST_FILE = SceneShadertoyTests/Info.plist;
				LD_RUNPATH_SEARCH_PATHS = "$(inherited) @executable_path/Frameworks @loader_path/Frameworks";
				PRODUCT_BUNDLE_IDENTIFIER = projectk.io.SceneShadertoyTests;
				PRODUCT_NAME = "$(TARGET_NAME)";
				SWIFT_VERSION = 4.0;
				TARGETED_DEVICE_FAMILY = "1,2";
				TEST_HOST = "$(BUILT_PRODUCTS_DIR)/SceneShadertoy.app/SceneShadertoy";
			};
			name = Release;
		};
		A9931AAD1F5968470067FA89 /* Debug */ = {
			isa = XCBuildConfiguration;
			buildSettings = {
				ALWAYS_EMBED_SWIFT_STANDARD_LIBRARIES = YES;
				CODE_SIGN_STYLE = Automatic;
				DEVELOPMENT_TEAM = EK3QDL7K69;
				INFOPLIST_FILE = SceneShadertoyUITests/Info.plist;
				LD_RUNPATH_SEARCH_PATHS = "$(inherited) @executable_path/Frameworks @loader_path/Frameworks";
				PRODUCT_BUNDLE_IDENTIFIER = projectk.io.SceneShadertoyUITests;
				PRODUCT_NAME = "$(TARGET_NAME)";
				SWIFT_VERSION = 4.0;
				TARGETED_DEVICE_FAMILY = "1,2";
				TEST_TARGET_NAME = SceneShadertoy;
			};
			name = Debug;
		};
		A9931AAE1F5968470067FA89 /* Release */ = {
			isa = XCBuildConfiguration;
			buildSettings = {
				ALWAYS_EMBED_SWIFT_STANDARD_LIBRARIES = YES;
				CODE_SIGN_STYLE = Automatic;
				DEVELOPMENT_TEAM = EK3QDL7K69;
				INFOPLIST_FILE = SceneShadertoyUITests/Info.plist;
				LD_RUNPATH_SEARCH_PATHS = "$(inherited) @executable_path/Frameworks @loader_path/Frameworks";
				PRODUCT_BUNDLE_IDENTIFIER = projectk.io.SceneShadertoyUITests;
				PRODUCT_NAME = "$(TARGET_NAME)";
				SWIFT_VERSION = 4.0;
				TARGETED_DEVICE_FAMILY = "1,2";
				TEST_TARGET_NAME = SceneShadertoy;
			};
			name = Release;
		};
/* End XCBuildConfiguration section */

/* Begin XCConfigurationList section */
		A9931A771F5968470067FA89 /* Build configuration list for PBXProject "SceneShadertoy" */ = {
			isa = XCConfigurationList;
			buildConfigurations = (
				A9931AA41F5968470067FA89 /* Debug */,
				A9931AA51F5968470067FA89 /* Release */,
			);
			defaultConfigurationIsVisible = 0;
			defaultConfigurationName = Release;
		};
		A9931AA61F5968470067FA89 /* Build configuration list for PBXNativeTarget "SceneShadertoy" */ = {
			isa = XCConfigurationList;
			buildConfigurations = (
				A9931AA71F5968470067FA89 /* Debug */,
				A9931AA81F5968470067FA89 /* Release */,
			);
			defaultConfigurationIsVisible = 0;
			defaultConfigurationName = Release;
		};
		A9931AA91F5968470067FA89 /* Build configuration list for PBXNativeTarget "SceneShadertoyTests" */ = {
			isa = XCConfigurationList;
			buildConfigurations = (
				A9931AAA1F5968470067FA89 /* Debug */,
				A9931AAB1F5968470067FA89 /* Release */,
			);
			defaultConfigurationIsVisible = 0;
			defaultConfigurationName = Release;
		};
		A9931AAC1F5968470067FA89 /* Build configuration list for PBXNativeTarget "SceneShadertoyUITests" */ = {
			isa = XCConfigurationList;
			buildConfigurations = (
				A9931AAD1F5968470067FA89 /* Debug */,
				A9931AAE1F5968470067FA89 /* Release */,
			);
			defaultConfigurationIsVisible = 0;
			defaultConfigurationName = Release;
		};
/* End XCConfigurationList section */
	};
	rootObject = A9931A741F5968470067FA89 /* Project object */;
}
